
Microsoft Visual Studio Solution File, Format Version 12.00
# Visual Studio Version 16
VisualStudioVersion = 16.0.31105.61
MinimumVisualStudioVersion = 10.0.40219.1
Project("{FAE04EC0-301F-11D3-BF4B-00C04F79EFBC}") = "Cuadrados Medios", "Cuadrados Medios.csproj", "{1326190F-FE3D-4229-B9C2-E9EE3DBC3B86}"
EndProject
Global
	GlobalSection(SolutionConfigurationPlatforms) = preSolution
		Debug|Any CPU = Debug|Any CPU
		Release|Any CPU = Release|Any CPU
	EndGlobalSection
	GlobalSection(ProjectConfigurationPlatforms) = postSolution
		{1326190F-FE3D-4229-B9C2-E9EE3DBC3B86}.Debug|Any CPU.ActiveCfg = Debug|Any CPU
		{1326190F-FE3D-4229-B9C2-E9EE3DBC3B86}.Debug|Any CPU.Build.0 = Debug|Any CPU
		{1326190F-FE3D-4229-B9C2-E9EE3DBC3B86}.Release|Any CPU.ActiveCfg = Release|Any CPU
		{1326190F-FE3D-4229-B9C2-E9EE3DBC3B86}.Release|Any CPU.Build.0 = Release|Any CPU
	EndGlobalSection
	GlobalSection(SolutionProperties) = preSolution
		HideSolutionNode = FALSE
	EndGlobalSection
	GlobalSection(ExtensibilityGlobals) = postSolution
		SolutionGuid = {95168974-7AC9-4004-9F18-2E95287C92A4}
	EndGlobalSection
EndGlobal
